{
  "version": 4,
  "terraform_version": "1.6.4",
  "serial": 398,
  "lineage": "028331a5-a5c3-d686-1105-089008293cb4",
  "outputs": {
    "instance_id": {
      "value": "1839514472891046218",
      "type": "string"
    },
    "instance_id2": {
      "value": "7574575421247478090",
      "type": "string"
    },
    "instance_id3": {
      "value": "5469237681732737353",
      "type": "string"
    },
    "instance_id4": {
      "value": "1596822741625624949",
      "type": "string"
    },
    "instance_id5": {
      "value": "2058082463776528757",
      "type": "string"
    },
    "instance_id6": {
      "value": "5365768651101985141",
      "type": "string"
    }
  },
  "resources": [
    {
      "mode": "managed",
      "type": "google_compute_disk",
      "name": "default",
      "provider": "provider[\"registry.terraform.io/hashicorp/google\"]",
      "instances": [
        {
          "schema_version": 0,
          "attributes": {
            "async_primary_disk": [],
            "creation_timestamp": "2023-12-07T07:41:12.895-08:00",
            "description": "",
            "disk_encryption_key": [],
            "guest_os_features": [],
            "id": "projects/projectadms/zones/europe-southwest1-c/disks/dbs",
            "image": "",
            "label_fingerprint": "42WmSpB8rSM=",
            "labels": null,
            "last_attach_timestamp": "",
            "last_detach_timestamp": "",
            "licenses": [],
            "name": "dbs",
            "physical_block_size_bytes": 4096,
            "project": "projectadms",
            "provisioned_iops": 0,
            "provisioned_throughput": 0,
            "self_link": "https://www.googleapis.com/compute/v1/projects/projectadms/zones/europe-southwest1-c/disks/dbs",
            "size": 10,
            "snapshot": "",
            "source_disk": "",
            "source_disk_id": "",
            "source_image_encryption_key": [],
            "source_image_id": "",
            "source_snapshot_encryption_key": [],
            "source_snapshot_id": "",
            "timeouts": null,
            "type": "pd-standard",
            "users": [],
            "zone": "europe-southwest1-c"
          },
          "sensitive_attributes": [],
          "private": "eyJlMmJmYjczMC1lY2FhLTExZTYtOGY4OC0zNDM2M2JjN2M0YzAiOnsiY3JlYXRlIjoxMjAwMDAwMDAwMDAwLCJkZWxldGUiOjEyMDAwMDAwMDAwMDAsInVwZGF0ZSI6MTIwMDAwMDAwMDAwMH19"
        }
      ]
    },
    {
      "mode": "managed",
      "type": "google_compute_disk",
      "name": "default1",
      "provider": "provider[\"registry.terraform.io/hashicorp/google\"]",
      "instances": [
        {
          "schema_version": 0,
          "attributes": {
            "async_primary_disk": [],
            "creation_timestamp": "2023-12-07T07:41:12.807-08:00",
            "description": "",
            "disk_encryption_key": [],
            "guest_os_features": [],
            "id": "projects/projectadms/zones/europe-southwest1-c/disks/dbss",
            "image": "",
            "label_fingerprint": "42WmSpB8rSM=",
            "labels": null,
            "last_attach_timestamp": "",
            "last_detach_timestamp": "",
            "licenses": [],
            "name": "dbss",
            "physical_block_size_bytes": 4096,
            "project": "projectadms",
            "provisioned_iops": 0,
            "provisioned_throughput": 0,
            "self_link": "https://www.googleapis.com/compute/v1/projects/projectadms/zones/europe-southwest1-c/disks/dbss",
            "size": 10,
            "snapshot": "",
            "source_disk": "",
            "source_disk_id": "",
            "source_image_encryption_key": [],
            "source_image_id": "",
            "source_snapshot_encryption_key": [],
            "source_snapshot_id": "",
            "timeouts": null,
            "type": "pd-standard",
            "users": [],
            "zone": "europe-southwest1-c"
          },
          "sensitive_attributes": [],
          "private": "eyJlMmJmYjczMC1lY2FhLTExZTYtOGY4OC0zNDM2M2JjN2M0YzAiOnsiY3JlYXRlIjoxMjAwMDAwMDAwMDAwLCJkZWxldGUiOjEyMDAwMDAwMDAwMDAsInVwZGF0ZSI6MTIwMDAwMDAwMDAwMH19"
        }
      ]
    },
    {
      "mode": "managed",
      "type": "google_compute_disk",
      "name": "default2",
      "provider": "provider[\"registry.terraform.io/hashicorp/google\"]",
      "instances": [
        {
          "schema_version": 0,
          "attributes": {
            "async_primary_disk": [],
            "creation_timestamp": "2023-12-07T07:41:12.776-08:00",
            "description": "",
            "disk_encryption_key": [],
            "guest_os_features": [],
            "id": "projects/projectadms/zones/europe-southwest1-c/disks/dbsss",
            "image": "",
            "label_fingerprint": "42WmSpB8rSM=",
            "labels": null,
            "last_attach_timestamp": "",
            "last_detach_timestamp": "",
            "licenses": [],
            "name": "dbsss",
            "physical_block_size_bytes": 4096,
            "project": "projectadms",
            "provisioned_iops": 0,
            "provisioned_throughput": 0,
            "self_link": "https://www.googleapis.com/compute/v1/projects/projectadms/zones/europe-southwest1-c/disks/dbsss",
            "size": 10,
            "snapshot": "",
            "source_disk": "",
            "source_disk_id": "",
            "source_image_encryption_key": [],
            "source_image_id": "",
            "source_snapshot_encryption_key": [],
            "source_snapshot_id": "",
            "timeouts": null,
            "type": "pd-standard",
            "users": [],
            "zone": "europe-southwest1-c"
          },
          "sensitive_attributes": [],
          "private": "eyJlMmJmYjczMC1lY2FhLTExZTYtOGY4OC0zNDM2M2JjN2M0YzAiOnsiY3JlYXRlIjoxMjAwMDAwMDAwMDAwLCJkZWxldGUiOjEyMDAwMDAwMDAwMDAsInVwZGF0ZSI6MTIwMDAwMDAwMDAwMH19"
        }
      ]
    },
    {
      "mode": "managed",
      "type": "google_compute_instance",
      "name": "backup",
      "provider": "provider[\"registry.terraform.io/hashicorp/google\"]",
      "instances": [
        {
          "schema_version": 6,
          "attributes": {
            "advanced_machine_features": [],
            "allow_stopping_for_update": null,
            "attached_disk": [],
            "boot_disk": [
              {
                "auto_delete": true,
                "device_name": "persistent-disk-0",
                "disk_encryption_key_raw": "",
                "disk_encryption_key_sha256": "",
                "initialize_params": [
                  {
                    "image": "https://www.googleapis.com/compute/v1/projects/debian-cloud/global/images/debian-11-bullseye-v20231115",
                    "labels": {},
                    "resource_manager_tags": null,
                    "size": 10,
                    "type": "pd-standard"
                  }
                ],
                "kms_key_self_link": "",
                "mode": "READ_WRITE",
                "source": "https://www.googleapis.com/compute/v1/projects/projectadms/zones/europe-southwest1-c/disks/backup"
              }
            ],
            "can_ip_forward": false,
            "confidential_instance_config": [],
            "cpu_platform": "Intel Broadwell",
            "current_status": "RUNNING",
            "deletion_protection": false,
            "description": "",
            "desired_status": null,
            "enable_display": false,
            "guest_accelerator": [],
            "hostname": "",
            "id": "projects/projectadms/zones/europe-southwest1-c/instances/backup",
            "instance_id": "2058082463776528757",
            "label_fingerprint": "42WmSpB8rSM=",
            "labels": null,
            "machine_type": "e2-micro",
            "metadata": null,
            "metadata_fingerprint": "kLJK_G5Xans=",
            "metadata_startup_script": "#!/bin/bash\nsudo apt-get update\nsudo apt-get install -y ceph\nsudo apt-get install rsync\n\n#https://www.digitalocean.com/community/tutorials/how-to-use-rsync-to-sync-local-and-remote-directories-pt\n\nssh-keygen -C publicMethod5 -f /home/mjmarquespais/.ssh/publicMethod5 -N \"\" -q\n\n# sincronizar os ficheiros dentro da maquina backup\n# rsync -a dir3/ dir2\n\n# mandar do rdb para o backup (ainda nao funciona) (permission denied)\n# rsync -avz --progress -v --rsh=\"ssh -i ~/.ssh/publicMethod3\" dir1/ publicMethod3@10.204.0.14:mjmarquespais/dir2\n",
            "min_cpu_platform": "",
            "name": "backup",
            "network_interface": [
              {
                "access_config": [
                  {
                    "nat_ip": "34.175.137.250",
                    "network_tier": "PREMIUM",
                    "public_ptr_domain_name": ""
                  }
                ],
                "alias_ip_range": [],
                "internal_ipv6_prefix_length": 0,
                "ipv6_access_config": [],
                "ipv6_access_type": "",
                "ipv6_address": "",
                "name": "nic0",
                "network": "https://www.googleapis.com/compute/v1/projects/projectadms/global/networks/default",
                "network_ip": "10.204.0.14",
                "nic_type": "",
                "queue_count": 0,
                "stack_type": "IPV4_ONLY",
                "subnetwork": "https://www.googleapis.com/compute/v1/projects/projectadms/regions/europe-southwest1/subnetworks/default",
                "subnetwork_project": "projectadms"
              }
            ],
            "network_performance_config": [],
            "params": [],
            "project": "projectadms",
            "reservation_affinity": [],
            "resource_policies": null,
            "scheduling": [
              {
                "automatic_restart": true,
                "instance_termination_action": "",
                "local_ssd_recovery_timeout": [],
                "min_node_cpus": 0,
                "node_affinities": [],
                "on_host_maintenance": "MIGRATE",
                "preemptible": false,
                "provisioning_model": "STANDARD"
              }
            ],
            "scratch_disk": [],
            "self_link": "https://www.googleapis.com/compute/v1/projects/projectadms/zones/europe-southwest1-c/instances/backup",
            "service_account": [],
            "shielded_instance_config": [
              {
                "enable_integrity_monitoring": true,
                "enable_secure_boot": false,
                "enable_vtpm": true
              }
            ],
            "tags": null,
            "tags_fingerprint": "42WmSpB8rSM=",
            "timeouts": null,
            "zone": "europe-southwest1-c"
          },
          "sensitive_attributes": [],
          "private": "eyJlMmJmYjczMC1lY2FhLTExZTYtOGY4OC0zNDM2M2JjN2M0YzAiOnsiY3JlYXRlIjoxMjAwMDAwMDAwMDAwLCJkZWxldGUiOjEyMDAwMDAwMDAwMDAsInVwZGF0ZSI6MTIwMDAwMDAwMDAwMH0sInNjaGVtYV92ZXJzaW9uIjoiNiJ9"
        }
      ]
    },
    {
      "mode": "managed",
      "type": "google_compute_instance",
      "name": "mjr",
      "provider": "provider[\"registry.terraform.io/hashicorp/google\"]",
      "instances": [
        {
          "schema_version": 6,
          "attributes": {
            "advanced_machine_features": [],
            "allow_stopping_for_update": null,
            "attached_disk": [],
            "boot_disk": [
              {
                "auto_delete": true,
                "device_name": "persistent-disk-0",
                "disk_encryption_key_raw": "",
                "disk_encryption_key_sha256": "",
                "initialize_params": [
                  {
                    "image": "https://www.googleapis.com/compute/v1/projects/debian-cloud/global/images/debian-11-bullseye-v20231115",
                    "labels": {},
                    "resource_manager_tags": null,
                    "size": 10,
                    "type": "pd-standard"
                  }
                ],
                "kms_key_self_link": "",
                "mode": "READ_WRITE",
                "source": "https://www.googleapis.com/compute/v1/projects/projectadms/zones/europe-southwest1-c/disks/mjr"
              }
            ],
            "can_ip_forward": false,
            "confidential_instance_config": [],
            "cpu_platform": "Intel Broadwell",
            "current_status": "RUNNING",
            "deletion_protection": false,
            "description": "",
            "desired_status": null,
            "enable_display": false,
            "guest_accelerator": [],
            "hostname": "",
            "id": "projects/projectadms/zones/europe-southwest1-c/instances/mjr",
            "instance_id": "1596822741625624949",
            "label_fingerprint": "42WmSpB8rSM=",
            "labels": null,
            "machine_type": "e2-micro",
            "metadata": null,
            "metadata_fingerprint": "vY1VXbupQxY=",
            "metadata_startup_script": "#!/bin/bash\nsudo apt-get update\nsudo apt-get install -y ceph\n\nssh-keygen -C publicMethod4 -f /home/mjmarquespais/.ssh/publicMethod4 -N \"\" -q\n\n# sudo chown ceph. /etc/ceph/ceph.*\n\noutfile=/home/mjmarquespais/debug.txt\n\nsudo mkdir /var/lib/ceph/mgr/ceph-mon\n\necho \"after1\" | tee -a $outfile\n# create auth key\nsudo ceph auth get-or-create mgr.mon mon 'allow profile mgr' osd 'allow *' mds 'allow *'\n\nsudo ceph auth get-or-create mgr.mon | sudo tee /etc/ceph/ceph.mgr.admin.keyring\n\ncat \u003c\u003cEOF \u003e /home/mjmarquespais/script.sh\n#!/bin/bash\nsudo cp /etc/ceph/ceph.mgr.admin.keyring /var/lib/ceph/mgr/ceph-mon/keyring\nsudo chown ceph. /etc/ceph/ceph.mgr.admin.keyring\nsudo chown -R ceph. /var/lib/ceph/mgr/ceph-mon\nsudo systemctl enable --now ceph-mgr@mon\nEOF\n\necho \"after2\" | tee -a $outfile\n",
            "min_cpu_platform": "",
            "name": "mjr",
            "network_interface": [
              {
                "access_config": [
                  {
                    "nat_ip": "34.175.233.246",
                    "network_tier": "PREMIUM",
                    "public_ptr_domain_name": ""
                  }
                ],
                "alias_ip_range": [],
                "internal_ipv6_prefix_length": 0,
                "ipv6_access_config": [],
                "ipv6_access_type": "",
                "ipv6_address": "",
                "name": "nic0",
                "network": "https://www.googleapis.com/compute/v1/projects/projectadms/global/networks/default",
                "network_ip": "10.204.0.13",
                "nic_type": "",
                "queue_count": 0,
                "stack_type": "IPV4_ONLY",
                "subnetwork": "https://www.googleapis.com/compute/v1/projects/projectadms/regions/europe-southwest1/subnetworks/default",
                "subnetwork_project": "projectadms"
              }
            ],
            "network_performance_config": [],
            "params": [],
            "project": "projectadms",
            "reservation_affinity": [],
            "resource_policies": null,
            "scheduling": [
              {
                "automatic_restart": true,
                "instance_termination_action": "",
                "local_ssd_recovery_timeout": [],
                "min_node_cpus": 0,
                "node_affinities": [],
                "on_host_maintenance": "MIGRATE",
                "preemptible": false,
                "provisioning_model": "STANDARD"
              }
            ],
            "scratch_disk": [],
            "self_link": "https://www.googleapis.com/compute/v1/projects/projectadms/zones/europe-southwest1-c/instances/mjr",
            "service_account": [],
            "shielded_instance_config": [
              {
                "enable_integrity_monitoring": true,
                "enable_secure_boot": false,
                "enable_vtpm": true
              }
            ],
            "tags": null,
            "tags_fingerprint": "42WmSpB8rSM=",
            "timeouts": null,
            "zone": "europe-southwest1-c"
          },
          "sensitive_attributes": [],
          "private": "eyJlMmJmYjczMC1lY2FhLTExZTYtOGY4OC0zNDM2M2JjN2M0YzAiOnsiY3JlYXRlIjoxMjAwMDAwMDAwMDAwLCJkZWxldGUiOjEyMDAwMDAwMDAwMDAsInVwZGF0ZSI6MTIwMDAwMDAwMDAwMH0sInNjaGVtYV92ZXJzaW9uIjoiNiJ9"
        }
      ]
    },
    {
      "mode": "managed",
      "type": "google_compute_instance",
      "name": "mon",
      "provider": "provider[\"registry.terraform.io/hashicorp/google\"]",
      "instances": [
        {
          "schema_version": 6,
          "attributes": {
            "advanced_machine_features": [],
            "allow_stopping_for_update": null,
            "attached_disk": [
              {
                "device_name": "dbsss",
                "disk_encryption_key_raw": "",
                "disk_encryption_key_sha256": "",
                "kms_key_self_link": "",
                "mode": "READ_WRITE",
                "source": "https://www.googleapis.com/compute/v1/projects/projectadms/zones/europe-southwest1-c/disks/dbsss"
              }
            ],
            "boot_disk": [
              {
                "auto_delete": true,
                "device_name": "persistent-disk-0",
                "disk_encryption_key_raw": "",
                "disk_encryption_key_sha256": "",
                "initialize_params": [
                  {
                    "image": "https://www.googleapis.com/compute/v1/projects/debian-cloud/global/images/debian-11-bullseye-v20231115",
                    "labels": {},
                    "resource_manager_tags": null,
                    "size": 10,
                    "type": "pd-standard"
                  }
                ],
                "kms_key_self_link": "",
                "mode": "READ_WRITE",
                "source": "https://www.googleapis.com/compute/v1/projects/projectadms/zones/europe-southwest1-c/disks/mon"
              }
            ],
            "can_ip_forward": false,
            "confidential_instance_config": [],
            "cpu_platform": "Intel Broadwell",
            "current_status": "RUNNING",
            "deletion_protection": false,
            "description": "",
            "desired_status": null,
            "enable_display": false,
            "guest_accelerator": [],
            "hostname": "",
            "id": "projects/projectadms/zones/europe-southwest1-c/instances/mon",
            "instance_id": "5469237681732737353",
            "label_fingerprint": "42WmSpB8rSM=",
            "labels": null,
            "machine_type": "e2-micro",
            "metadata": null,
            "metadata_fingerprint": "BNsQUZt9DVE=",
            "metadata_startup_script": "#!/bin/bash\nsudo apt-get update\nsudo apt-get install -y ceph\n\n# https://www.youtube.com/watch?v=HDEUdfS-S40\n# https://docs.ceph.com/en/latest/install/manual-deployment/\n# https://www.server-world.info/en/note?os=Debian_11\u0026p=ceph14\u0026f=1\n\necho \"feito\" | tee -a /home/mjmarquespais/debug.txt\n\nssh-keygen -C publicMethod -f /home/mjmarquespais/.ssh/publicMethod -N \"\" -q\n\nuui=$(uuidgen)\nHOSTNAME=$(hostname)\n\n# Create or update ceph.conf\ncat \u003c\u003cEOF \u003e /etc/ceph/ceph.conf\n[global]\n# specify cluster network for monitoring\ncluster network = 10.204.0.0/24\n\n# specify public network\npublic network = 10.204.0.0/24\n\n# specify UUID generated above\nfsid = $uui\n\n# specify IP address of Monitor DaemonS\nmon host = 10.204.0.12\n\n# specify Hostname of Monitor Daemon\nmon initial members = $HOSTNAME\nosd pool default crush rule = -1\n\nauth_cluster required = cephx\nauth_service required = cephx\nauth_client required = cephx\n\n# mon.(Node name)\n[mon.mon]\n\n# specify Hostname of Monitor Daemon\nhost = mon\n\n# specify IP address of Monitor Daemon\nmon addr = 10.204.0.12\n\n# allow to delete pools\nmon allow pool delete = true\nEOF\n\n# Generate secret key for Cluster monitoring\nsudo ceph-authtool --create-keyring /etc/ceph/ceph.mon.keyring --gen-key -n mon. --cap mon 'allow *'S\n\n# generate secret key for Cluster admin\nsudo ceph-authtool --create-keyring /etc/ceph/ceph.client.admin.keyring --gen-key -n client.admin --cap mon 'allow *' --cap osd 'allow *' --cap mds 'allow *' --cap mgr 'allow *'\n\n# generate key for bootstrap\nsudo ceph-authtool --create-keyring /var/lib/ceph/bootstrap-osd/ceph.keyring --gen-key -n client.bootstrap-osd --cap mon 'profile bootstrap-osd' --cap mgr 'allow r'\n\n# import generated key\nsudo ceph-authtool /etc/ceph/ceph.mon.keyring --import-keyring /etc/ceph/ceph.client.admin.keyring\nsudo ceph-authtool /etc/ceph/ceph.mon.keyring --import-keyring /var/lib/ceph/bootstrap-osd/ceph.keyring\n\n# generate monitor map\nFSID=$(grep \"^fsid\" /etc/ceph/ceph.conf | awk {'print $NF'})\nNODENAME=$(grep \"^mon initial\" /etc/ceph/ceph.conf | awk {'print $NF'})\nNODEIP=$(grep \"^mon host\" /etc/ceph/ceph.conf | awk {'print $NF'})\nmonmaptool --create --add $NODENAME $NODEIP --fsid $FSID /etc/ceph/monmap\n\noutfile=/home/mjmarquespais/debug.txt\n\necho $HOSTNAME | tee -a $outfile  # mon\necho $uui | tee -a $outfile\necho $FSID | tee -a $outfile\necho $NODENAME | tee -a $outfile  # mon\necho $NODEIP | tee -a $outfile\n\n# create a directory for Monitor Daemon\n# directory name ⇒ (Cluster Name)-(Node Name)\nsudo mkdir /var/lib/ceph/mon/ceph-mon\n\n# assosiate key and monmap to Monitor Daemon\n# --cluster (Cluster Name)\nsudo ceph-mon --cluster ceph --mkfs -i $NODENAME --monmap /etc/ceph/monmap --keyring /etc/ceph/ceph.mon.keyring\nsudo chown ceph. /etc/ceph/ceph.*\nsudo chown -R ceph. /var/lib/ceph/mon/ceph-mon /var/lib/ceph/bootstrap-osd\nsudo systemctl enable --now ceph-mon@$NODENAME\n\n\n# enable Messenger v2 Protocol\necho \"before\" | tee -a $outfile\nsudo ceph mon enable-msgr2 | tee -a $outfile\necho \"after\" | tee -a $outfile\nsudo ceph config set mon auth_allow_insecure_global_id_reclaim false\n\nsudo firewall-cmd --zone=public --add-service=ceph-mon\nsudo firewall-cmd --zone=public --add-service=ceph-mon --permanent\n\n\n# create a directory for Manager Daemon\n# directory name ⇒ (Cluster Name)-(Node Name)\nsudo mkdir /var/lib/ceph/mgr/ceph-mon\n\nsudo ceph auth get-or-create mgr.$NODENAME mon 'allow profile mgr' osd 'allow *' mds 'allow *'\n\nsudo ceph auth get-or-create mgr.mon | sudo tee /etc/ceph/ceph.mgr.admin.keyring\n\nsudo cp /etc/ceph/ceph.mgr.admin.keyring /var/lib/ceph/mgr/ceph-mon/keyring\nsudo chown ceph. /etc/ceph/ceph.mgr.admin.keyring\nsudo chown -R ceph. /var/lib/ceph/mgr/ceph-mon\nsudo systemctl enable --now ceph-mgr@$NODENAME\n\n\ncat \u003c\u003cEOF \u003e /home/mjmarquespais/scriptosd1.sh\n#!/bin/bash\nsudo scp -i ~/.ssh/publicMethod /etc/ceph/ceph.conf publicMethod@10.204.0.10:/tmp/\nsudo ssh -i ~/.ssh/publicMethod publicMethod@10.204.0.10 \"sudo mv /tmp/ceph.conf /etc/ceph/ceph.conf\"\n\nsudo scp -i ~/.ssh/publicMethod /etc/ceph/ceph.client.admin.keyring publicMethod@10.204.0.10:/tmp/\nsudo ssh -i ~/.ssh/publicMethod publicMethod@10.204.0.10 \"sudo mv /tmp/ceph.client.admin.keyring  /etc/ceph/ceph.client.admin.keyring\"\n\nsudo scp -i ~/.ssh/publicMethod /var/lib/ceph/bootstrap-osd/ceph.keyring publicMethod@10.204.0.10:/tmp/\nsudo ssh -i ~/.ssh/publicMethod publicMethod@10.204.0.10 \"sudo mv /tmp/ceph.keyring /var/lib/ceph/bootstrap-osd/ceph.keyring\"\nEOF\n\ncat \u003c\u003cEOF \u003e /home/mjmarquespais/scriptosd2.sh\n#!/bin/bash\nsudo scp -i ~/.ssh/publicMethod /etc/ceph/ceph.conf publicMethod@10.204.0.11:/tmp/\nsudo ssh -i ~/.ssh/publicMethod publicMethod@10.204.0.11 \"sudo mv /tmp/ceph.conf /etc/ceph/ceph.conf\"\n\nsudo scp -i ~/.ssh/publicMethod /etc/ceph/ceph.client.admin.keyring publicMethod@10.204.0.11:/tmp/\nsudo ssh -i ~/.ssh/publicMethod publicMethod@10.204.0.11 \"sudo mv /tmp/ceph.client.admin.keyring  /etc/ceph/ceph.client.admin.keyring\"\n\nsudo scp -i ~/.ssh/publicMethod /var/lib/ceph/bootstrap-osd/ceph.keyring publicMethod@10.204.0.11:/tmp/\nsudo ssh -i ~/.ssh/publicMethod publicMethod@10.204.0.11 \"sudo mv /tmp/ceph.keyring /var/lib/ceph/bootstrap-osd/ceph.keyring\"\nEOF\n\n\n\ncat \u003c\u003cEOF \u003e /home/mjmarquespais/script.sh\n#!/bin/bash\nsudo chown ceph. /etc/ceph/ceph.* /var/lib/ceph/bootstrap-osd/ceph.keyring\nsudo parted --script /dev/sdb 'mklabel gpt'\nsudo parted --script /dev/sdb \"mkpart primary 0% 100%\"\nsudo ceph-volume lvm create --data /dev/sdb1\nEOF\n\n\ncat \u003c\u003cEOF \u003e /home/mjmarquespais/scriptrdb.sh\n#!/bin/bash\nsudo scp -i ~/.ssh/publicMethod /etc/ceph/ceph.conf publicMethod@10.204.0.15:/tmp/\nsudo ssh -i ~/.ssh/publicMethod publicMethod@10.204.0.15 \"sudo mv /tmp/ceph.conf /etc/ceph/ceph.conf\"\n\nsudo scp -i ~/.ssh/publicMethod /etc/ceph/ceph.client.admin.keyring publicMethod@10.204.0.15:/tmp/\nsudo ssh -i ~/.ssh/publicMethod publicMethod@10.204.0.15 \"sudo mv /tmp/ceph.client.admin.keyring  /etc/ceph/ceph.client.admin.keyring\"\n\n# sudo chown ceph. /etc/ceph/ceph.*\nEOF\n\ncat \u003c\u003cEOF \u003e /home/mjmarquespais/scriptmgr.sh\n#!/bin/bash\nsudo scp -i ~/.ssh/publicMethod /etc/ceph/ceph.conf publicMethod@10.204.0.13:/tmp/\nsudo ssh -i ~/.ssh/publicMethod publicMethod@10.204.0.13 \"sudo mv /tmp/ceph.conf /etc/ceph/ceph.conf\"\n\nsudo scp -i ~/.ssh/publicMethod /etc/ceph/ceph.client.admin.keyring publicMethod@10.204.0.13:/tmp/\nsudo ssh -i ~/.ssh/publicMethod publicMethod@10.204.0.13 \"sudo mv /tmp/ceph.client.admin.keyring  /etc/ceph/ceph.client.admin.keyring\"\n\n# sudo chown ceph. /etc/ceph/ceph.*\nEOF\n\nsudo chmod +x /home/mjmarquespais/scriptosd1.sh\nsudo chmod +x /home/mjmarquespais/scriptosd2.sh\nsudo chmod +x /home/mjmarquespais/script.sh\nsudo chmod +x /home/mjmarquespais/scriptrdb.sh\nsudo chmod +x /home/mjmarquespais/scriptmgr.sh",
            "min_cpu_platform": "",
            "name": "mon",
            "network_interface": [
              {
                "access_config": [
                  {
                    "nat_ip": "34.175.64.61",
                    "network_tier": "PREMIUM",
                    "public_ptr_domain_name": ""
                  }
                ],
                "alias_ip_range": [],
                "internal_ipv6_prefix_length": 0,
                "ipv6_access_config": [],
                "ipv6_access_type": "",
                "ipv6_address": "",
                "name": "nic0",
                "network": "https://www.googleapis.com/compute/v1/projects/projectadms/global/networks/default",
                "network_ip": "10.204.0.12",
                "nic_type": "",
                "queue_count": 0,
                "stack_type": "IPV4_ONLY",
                "subnetwork": "https://www.googleapis.com/compute/v1/projects/projectadms/regions/europe-southwest1/subnetworks/default",
                "subnetwork_project": "projectadms"
              }
            ],
            "network_performance_config": [],
            "params": [],
            "project": "projectadms",
            "reservation_affinity": [],
            "resource_policies": null,
            "scheduling": [
              {
                "automatic_restart": true,
                "instance_termination_action": "",
                "local_ssd_recovery_timeout": [],
                "min_node_cpus": 0,
                "node_affinities": [],
                "on_host_maintenance": "MIGRATE",
                "preemptible": false,
                "provisioning_model": "STANDARD"
              }
            ],
            "scratch_disk": [],
            "self_link": "https://www.googleapis.com/compute/v1/projects/projectadms/zones/europe-southwest1-c/instances/mon",
            "service_account": [],
            "shielded_instance_config": [
              {
                "enable_integrity_monitoring": true,
                "enable_secure_boot": false,
                "enable_vtpm": true
              }
            ],
            "tags": null,
            "tags_fingerprint": "42WmSpB8rSM=",
            "timeouts": null,
            "zone": "europe-southwest1-c"
          },
          "sensitive_attributes": [],
          "private": "eyJlMmJmYjczMC1lY2FhLTExZTYtOGY4OC0zNDM2M2JjN2M0YzAiOnsiY3JlYXRlIjoxMjAwMDAwMDAwMDAwLCJkZWxldGUiOjEyMDAwMDAwMDAwMDAsInVwZGF0ZSI6MTIwMDAwMDAwMDAwMH0sInNjaGVtYV92ZXJzaW9uIjoiNiJ9",
          "dependencies": [
            "google_compute_disk.default2"
          ]
        }
      ]
    },
    {
      "mode": "managed",
      "type": "google_compute_instance",
      "name": "osd1",
      "provider": "provider[\"registry.terraform.io/hashicorp/google\"]",
      "instances": [
        {
          "schema_version": 6,
          "attributes": {
            "advanced_machine_features": [],
            "allow_stopping_for_update": null,
            "attached_disk": [
              {
                "device_name": "dbs",
                "disk_encryption_key_raw": "",
                "disk_encryption_key_sha256": "",
                "kms_key_self_link": "",
                "mode": "READ_WRITE",
                "source": "https://www.googleapis.com/compute/v1/projects/projectadms/zones/europe-southwest1-c/disks/dbs"
              }
            ],
            "boot_disk": [
              {
                "auto_delete": true,
                "device_name": "persistent-disk-0",
                "disk_encryption_key_raw": "",
                "disk_encryption_key_sha256": "",
                "initialize_params": [
                  {
                    "image": "https://www.googleapis.com/compute/v1/projects/debian-cloud/global/images/debian-11-bullseye-v20231115",
                    "labels": {},
                    "resource_manager_tags": null,
                    "size": 10,
                    "type": "pd-standard"
                  }
                ],
                "kms_key_self_link": "",
                "mode": "READ_WRITE",
                "source": "https://www.googleapis.com/compute/v1/projects/projectadms/zones/europe-southwest1-c/disks/osd1"
              }
            ],
            "can_ip_forward": false,
            "confidential_instance_config": [],
            "cpu_platform": "Intel Broadwell",
            "current_status": "RUNNING",
            "deletion_protection": false,
            "description": "",
            "desired_status": null,
            "enable_display": false,
            "guest_accelerator": [],
            "hostname": "",
            "id": "projects/projectadms/zones/europe-southwest1-c/instances/osd1",
            "instance_id": "1839514472891046218",
            "label_fingerprint": "42WmSpB8rSM=",
            "labels": null,
            "machine_type": "e2-micro",
            "metadata": null,
            "metadata_fingerprint": "89_mKCpwytY=",
            "metadata_startup_script": "#!/bin/bash\nsudo apt-get update\nsudo apt-get install -y ceph\n\nssh-keygen -C publicMethod2 -f /home/mjmarquespais/.ssh/publicMethod2 -N \"\" -q\n\n# https://docs.ceph.com/en/latest/install/manual-deployment/\n# https://www.server-world.info/en/note?os=Debian_11\u0026p=ceph14\u0026f=2\n\n#copiar ficheiros\n#scp -i ~/.ssh/publicMethod2 ~/exemplo.txt publicMethod2@10.204.0.12:~/exemplo.txt\n\noutfile=/home/mjmarquespais/debug.txt\n\n# ver discos da maquina\n# lsblk \n\ncat \u003c\u003cEOF \u003e /home/mjmarquespais/script.sh\n#!/bin/bash\nsudo chown ceph. /etc/ceph/ceph.* /var/lib/ceph/bootstrap-osd/ceph.keyring\nsudo parted --script /dev/sdb 'mklabel gpt'\nsudo parted --script /dev/sdb \"mkpart primary 0% 100%\"\nsudo ceph-volume lvm create --data /dev/sdb1\nEOF\n\nsudo chmod +x /home/mjmarquespais/script.sh",
            "min_cpu_platform": "",
            "name": "osd1",
            "network_interface": [
              {
                "access_config": [
                  {
                    "nat_ip": "34.175.157.144",
                    "network_tier": "PREMIUM",
                    "public_ptr_domain_name": ""
                  }
                ],
                "alias_ip_range": [],
                "internal_ipv6_prefix_length": 0,
                "ipv6_access_config": [],
                "ipv6_access_type": "",
                "ipv6_address": "",
                "name": "nic0",
                "network": "https://www.googleapis.com/compute/v1/projects/projectadms/global/networks/default",
                "network_ip": "10.204.0.10",
                "nic_type": "",
                "queue_count": 0,
                "stack_type": "IPV4_ONLY",
                "subnetwork": "https://www.googleapis.com/compute/v1/projects/projectadms/regions/europe-southwest1/subnetworks/default",
                "subnetwork_project": "projectadms"
              }
            ],
            "network_performance_config": [],
            "params": [],
            "project": "projectadms",
            "reservation_affinity": [],
            "resource_policies": null,
            "scheduling": [
              {
                "automatic_restart": true,
                "instance_termination_action": "",
                "local_ssd_recovery_timeout": [],
                "min_node_cpus": 0,
                "node_affinities": [],
                "on_host_maintenance": "MIGRATE",
                "preemptible": false,
                "provisioning_model": "STANDARD"
              }
            ],
            "scratch_disk": [],
            "self_link": "https://www.googleapis.com/compute/v1/projects/projectadms/zones/europe-southwest1-c/instances/osd1",
            "service_account": [],
            "shielded_instance_config": [
              {
                "enable_integrity_monitoring": true,
                "enable_secure_boot": false,
                "enable_vtpm": true
              }
            ],
            "tags": null,
            "tags_fingerprint": "42WmSpB8rSM=",
            "timeouts": null,
            "zone": "europe-southwest1-c"
          },
          "sensitive_attributes": [],
          "private": "eyJlMmJmYjczMC1lY2FhLTExZTYtOGY4OC0zNDM2M2JjN2M0YzAiOnsiY3JlYXRlIjoxMjAwMDAwMDAwMDAwLCJkZWxldGUiOjEyMDAwMDAwMDAwMDAsInVwZGF0ZSI6MTIwMDAwMDAwMDAwMH0sInNjaGVtYV92ZXJzaW9uIjoiNiJ9",
          "dependencies": [
            "google_compute_disk.default"
          ]
        }
      ]
    },
    {
      "mode": "managed",
      "type": "google_compute_instance",
      "name": "osd2",
      "provider": "provider[\"registry.terraform.io/hashicorp/google\"]",
      "instances": [
        {
          "schema_version": 6,
          "attributes": {
            "advanced_machine_features": [],
            "allow_stopping_for_update": null,
            "attached_disk": [
              {
                "device_name": "dbss",
                "disk_encryption_key_raw": "",
                "disk_encryption_key_sha256": "",
                "kms_key_self_link": "",
                "mode": "READ_WRITE",
                "source": "https://www.googleapis.com/compute/v1/projects/projectadms/zones/europe-southwest1-c/disks/dbss"
              }
            ],
            "boot_disk": [
              {
                "auto_delete": true,
                "device_name": "persistent-disk-0",
                "disk_encryption_key_raw": "",
                "disk_encryption_key_sha256": "",
                "initialize_params": [
                  {
                    "image": "https://www.googleapis.com/compute/v1/projects/debian-cloud/global/images/debian-11-bullseye-v20231115",
                    "labels": {},
                    "resource_manager_tags": null,
                    "size": 10,
                    "type": "pd-standard"
                  }
                ],
                "kms_key_self_link": "",
                "mode": "READ_WRITE",
                "source": "https://www.googleapis.com/compute/v1/projects/projectadms/zones/europe-southwest1-c/disks/osd2"
              }
            ],
            "can_ip_forward": false,
            "confidential_instance_config": [],
            "cpu_platform": "Intel Broadwell",
            "current_status": "RUNNING",
            "deletion_protection": false,
            "description": "",
            "desired_status": null,
            "enable_display": false,
            "guest_accelerator": [],
            "hostname": "",
            "id": "projects/projectadms/zones/europe-southwest1-c/instances/osd2",
            "instance_id": "7574575421247478090",
            "label_fingerprint": "42WmSpB8rSM=",
            "labels": null,
            "machine_type": "e2-micro",
            "metadata": null,
            "metadata_fingerprint": "ydAyDeLYL8I=",
            "metadata_startup_script": "#!/bin/bash\nsudo apt-get update\nsudo apt-get install -y ceph\n\nssh-keygen -C publicMethod1 -f /home/mjmarquespais/.ssh/publicMethod1 -N \"\" -q\n\n# https://docs.ceph.com/en/latest/install/manual-deployment/\n# https://www.server-world.info/en/note?os=Debian_11\u0026p=ceph14\u0026f=2\n\n#copiar ficheiros\n#scp -i ~/.ssh/publicMethod1 ~/exemplo.txt publicMethod1@10.204.0.12:~/exemplo.txt\n\n# ver discos da maquina\n# lsblk \n\nsudo cat \u003c\u003cEOF \u003e /home/mjmarquespais/script.sh\n#!/bin/bash\nsudo chown ceph. /etc/ceph/ceph.* /var/lib/ceph/bootstrap-osd/ceph.keyring\nsudo parted --script /dev/sdb 'mklabel gpt'\nsudo parted --script /dev/sdb \"mkpart primary 0% 100%\"\nsudo ceph-volume lvm create --data /dev/sdb1\nEOF\n\nsudo chmod +x /home/mjmarquespais/script.sh",
            "min_cpu_platform": "",
            "name": "osd2",
            "network_interface": [
              {
                "access_config": [
                  {
                    "nat_ip": "34.175.74.91",
                    "network_tier": "PREMIUM",
                    "public_ptr_domain_name": ""
                  }
                ],
                "alias_ip_range": [],
                "internal_ipv6_prefix_length": 0,
                "ipv6_access_config": [],
                "ipv6_access_type": "",
                "ipv6_address": "",
                "name": "nic0",
                "network": "https://www.googleapis.com/compute/v1/projects/projectadms/global/networks/default",
                "network_ip": "10.204.0.11",
                "nic_type": "",
                "queue_count": 0,
                "stack_type": "IPV4_ONLY",
                "subnetwork": "https://www.googleapis.com/compute/v1/projects/projectadms/regions/europe-southwest1/subnetworks/default",
                "subnetwork_project": "projectadms"
              }
            ],
            "network_performance_config": [],
            "params": [],
            "project": "projectadms",
            "reservation_affinity": [],
            "resource_policies": null,
            "scheduling": [
              {
                "automatic_restart": true,
                "instance_termination_action": "",
                "local_ssd_recovery_timeout": [],
                "min_node_cpus": 0,
                "node_affinities": [],
                "on_host_maintenance": "MIGRATE",
                "preemptible": false,
                "provisioning_model": "STANDARD"
              }
            ],
            "scratch_disk": [],
            "self_link": "https://www.googleapis.com/compute/v1/projects/projectadms/zones/europe-southwest1-c/instances/osd2",
            "service_account": [],
            "shielded_instance_config": [
              {
                "enable_integrity_monitoring": true,
                "enable_secure_boot": false,
                "enable_vtpm": true
              }
            ],
            "tags": null,
            "tags_fingerprint": "42WmSpB8rSM=",
            "timeouts": null,
            "zone": "europe-southwest1-c"
          },
          "sensitive_attributes": [],
          "private": "eyJlMmJmYjczMC1lY2FhLTExZTYtOGY4OC0zNDM2M2JjN2M0YzAiOnsiY3JlYXRlIjoxMjAwMDAwMDAwMDAwLCJkZWxldGUiOjEyMDAwMDAwMDAwMDAsInVwZGF0ZSI6MTIwMDAwMDAwMDAwMH0sInNjaGVtYV92ZXJzaW9uIjoiNiJ9",
          "dependencies": [
            "google_compute_disk.default1"
          ]
        }
      ]
    },
    {
      "mode": "managed",
      "type": "google_compute_instance",
      "name": "rdb",
      "provider": "provider[\"registry.terraform.io/hashicorp/google\"]",
      "instances": [
        {
          "schema_version": 6,
          "attributes": {
            "advanced_machine_features": [],
            "allow_stopping_for_update": null,
            "attached_disk": [],
            "boot_disk": [
              {
                "auto_delete": true,
                "device_name": "persistent-disk-0",
                "disk_encryption_key_raw": "",
                "disk_encryption_key_sha256": "",
                "initialize_params": [
                  {
                    "image": "https://www.googleapis.com/compute/v1/projects/debian-cloud/global/images/debian-11-bullseye-v20231115",
                    "labels": {},
                    "resource_manager_tags": null,
                    "size": 10,
                    "type": "pd-standard"
                  }
                ],
                "kms_key_self_link": "",
                "mode": "READ_WRITE",
                "source": "https://www.googleapis.com/compute/v1/projects/projectadms/zones/europe-southwest1-c/disks/rbd"
              }
            ],
            "can_ip_forward": false,
            "confidential_instance_config": [],
            "cpu_platform": "Intel Broadwell",
            "current_status": "RUNNING",
            "deletion_protection": false,
            "description": "",
            "desired_status": null,
            "enable_display": false,
            "guest_accelerator": [],
            "hostname": "",
            "id": "projects/projectadms/zones/europe-southwest1-c/instances/rbd",
            "instance_id": "5365768651101985141",
            "label_fingerprint": "42WmSpB8rSM=",
            "labels": null,
            "machine_type": "e2-micro",
            "metadata": null,
            "metadata_fingerprint": "dUW7XJ4XYeo=",
            "metadata_startup_script": "#!/bin/bash\r\nsudo apt-get update\r\nsudo apt-get install -y ceph\r\nsudo apt-get -y install ceph-commo\r\nsudo apt-get install xfsprogs -y\r\nsudo apt-get install rsync\r\n\r\n#https://www.devart.com/dbforge/postgresql/how-to-install-postgresql-on-linux/\r\n# https://www.server-world.info/en/note?os=Debian_11\u0026p=ceph14\u0026f=3\r\n\r\nssh-keygen -C publicMethod3 -f /home/mjmarquespais/.ssh/publicMethod3 -N \"\" -q\r\n\r\n\r\n\r\ncat \u003c\u003cEOF \u003e /home/mjmarquespais/script.sh\r\n#!/bin/bash\r\nsudo chown ceph. /etc/ceph/ceph.*\r\n\r\n# create default RBD pool [rbd]\r\nsudo ceph osd pool create rbd 64\r\n\r\n# enable Placement Groups auto scale mode\r\nsudo ceph mgr module enable pg_autoscaler\r\nsudo ceph osd pool set rbd pg_autoscale_mode on\r\n\r\n# initialize the pool\r\nsudo rbd pool init rbd\r\nsudo ceph osd pool autoscale-status\r\n\r\n\r\n# create a block device with 10G\r\nsudo rbd create --size 10G --pool rbd rbd01\r\n\r\n# confirm\r\nsudo rbd ls -l\r\n\r\n\r\n# map the block device\r\nsudo rbd map rbd01\r\n\r\n# confirm\r\nsudo rbd showmapped\r\n\r\n# format with XFS\r\nsudo mkfs.xfs /dev/rbd0\r\n\r\n# mount\r\nsudo mount /dev/rbd0 /mnt\r\nEOF\r\n\r\nsudo chmod +x /home/mjmarquespais/script.sh\r\n\r\n\r\n\r\n#Next, install both the PostgreSQL package and the contrib packages\r\n\r\n# sudo apt install postgresql postgresql-contrib -y\r\n\r\n#To verify that the PostgreSQL server is running, run the following command:\r\n\r\n#sudo systemctl start postgresql.service\r\n\r\n# To switch to the postgres account on your server, execute the following command:\r\n\r\n# sudo -i -u postgres\r\n\r\n# To access the PostgreSQL prompt, type:\r\n\r\n# psql\r\n\r\n# This will log you into the PostgreSQL prompt where you can interact with the database management system.\r\n\r\n# To view the PostgreSQL server version running, use the command:\r\n\r\n# psql -V\r\n\r\n# To exit the PostgreSQL prompt, type:\r\n\r\n#\\q",
            "min_cpu_platform": "",
            "name": "rbd",
            "network_interface": [
              {
                "access_config": [
                  {
                    "nat_ip": "34.175.181.212",
                    "network_tier": "PREMIUM",
                    "public_ptr_domain_name": ""
                  }
                ],
                "alias_ip_range": [],
                "internal_ipv6_prefix_length": 0,
                "ipv6_access_config": [],
                "ipv6_access_type": "",
                "ipv6_address": "",
                "name": "nic0",
                "network": "https://www.googleapis.com/compute/v1/projects/projectadms/global/networks/default",
                "network_ip": "10.204.0.15",
                "nic_type": "",
                "queue_count": 0,
                "stack_type": "IPV4_ONLY",
                "subnetwork": "https://www.googleapis.com/compute/v1/projects/projectadms/regions/europe-southwest1/subnetworks/default",
                "subnetwork_project": "projectadms"
              }
            ],
            "network_performance_config": [],
            "params": [],
            "project": "projectadms",
            "reservation_affinity": [],
            "resource_policies": null,
            "scheduling": [
              {
                "automatic_restart": true,
                "instance_termination_action": "",
                "local_ssd_recovery_timeout": [],
                "min_node_cpus": 0,
                "node_affinities": [],
                "on_host_maintenance": "MIGRATE",
                "preemptible": false,
                "provisioning_model": "STANDARD"
              }
            ],
            "scratch_disk": [],
            "self_link": "https://www.googleapis.com/compute/v1/projects/projectadms/zones/europe-southwest1-c/instances/rbd",
            "service_account": [],
            "shielded_instance_config": [
              {
                "enable_integrity_monitoring": true,
                "enable_secure_boot": false,
                "enable_vtpm": true
              }
            ],
            "tags": null,
            "tags_fingerprint": "42WmSpB8rSM=",
            "timeouts": null,
            "zone": "europe-southwest1-c"
          },
          "sensitive_attributes": [],
          "private": "eyJlMmJmYjczMC1lY2FhLTExZTYtOGY4OC0zNDM2M2JjN2M0YzAiOnsiY3JlYXRlIjoxMjAwMDAwMDAwMDAwLCJkZWxldGUiOjEyMDAwMDAwMDAwMDAsInVwZGF0ZSI6MTIwMDAwMDAwMDAwMH0sInNjaGVtYV92ZXJzaW9uIjoiNiJ9"
        }
      ]
    }
  ],
  "check_results": null
}
